
Microsoft Visual Studio Solution File, Format Version 12.00
# Visual Studio Version 17
VisualStudioVersion = 17.0.31903.59
MinimumVisualStudioVersion = 10.0.40219.1
Project("{2150E333-8FDC-42A3-9474-1A3956D46DE8}") = "src", "src", "{D9342F48-8E70-4F45-AE45-CB24BCC6E3B9}"
EndProject
Project("{FAE04EC0-301F-11D3-BF4B-00C04F79EFBC}") = "Iban.Core", "src\Iban.Core\Iban.Core.csproj", "{E23A5DCC-76C2-448B-9D76-3EE7B9750177}"
EndProject
Project("{FAE04EC0-301F-11D3-BF4B-00C04F79EFBC}") = "Iban.Core.Tests", "src\Iban.Core.Tests\Iban.Core.Tests.csproj", "{A415B917-F491-4FC1-A33C-51B4CF421186}"
EndProject
Global
	GlobalSection(SolutionConfigurationPlatforms) = preSolution
		Debug|Any CPU = Debug|Any CPU
		Release|Any CPU = Release|Any CPU
	EndGlobalSection
	GlobalSection(SolutionProperties) = preSolution
		HideSolutionNode = FALSE
	EndGlobalSection
	GlobalSection(ProjectConfigurationPlatforms) = postSolution
		{E23A5DCC-76C2-448B-9D76-3EE7B9750177}.Debug|Any CPU.ActiveCfg = Debug|Any CPU
		{E23A5DCC-76C2-448B-9D76-3EE7B9750177}.Debug|Any CPU.Build.0 = Debug|Any CPU
		{E23A5DCC-76C2-448B-9D76-3EE7B9750177}.Release|Any CPU.ActiveCfg = Release|Any CPU
		{E23A5DCC-76C2-448B-9D76-3EE7B9750177}.Release|Any CPU.Build.0 = Release|Any CPU
		{A415B917-F491-4FC1-A33C-51B4CF421186}.Debug|Any CPU.ActiveCfg = Debug|Any CPU
		{A415B917-F491-4FC1-A33C-51B4CF421186}.Debug|Any CPU.Build.0 = Debug|Any CPU
		{A415B917-F491-4FC1-A33C-51B4CF421186}.Release|Any CPU.ActiveCfg = Release|Any CPU
		{A415B917-F491-4FC1-A33C-51B4CF421186}.Release|Any CPU.Build.0 = Release|Any CPU
	EndGlobalSection
	GlobalSection(NestedProjects) = preSolution
		{E23A5DCC-76C2-448B-9D76-3EE7B9750177} = {D9342F48-8E70-4F45-AE45-CB24BCC6E3B9}
		{A415B917-F491-4FC1-A33C-51B4CF421186} = {D9342F48-8E70-4F45-AE45-CB24BCC6E3B9}
	EndGlobalSection
EndGlobal
